// !$*UTF8*$!
{
	archiveVersion = 1;
	classes = {
	};
	objectVersion = 46;
	objects = {

/* Begin PBXBuildFile section */
		120751BD1D546A9D000B220A /* MapKit.framework in Frameworks */ = {isa = PBXBuildFile; fileRef = 12829EBB1D41D284000A1AF8 /* MapKit.framework */; };
		120751C81D5815C1000B220A /* LocationManager.m in Sources */ = {isa = PBXBuildFile; fileRef = 120751C71D5815C1000B220A /* LocationManager.m */; };
		120751CB1D586DCD000B220A /* GradientView.m in Sources */ = {isa = PBXBuildFile; fileRef = 120751CA1D586DCD000B220A /* GradientView.m */; };
		120751CE1D588495000B220A /* UIImage+ImageWithColor.m in Sources */ = {isa = PBXBuildFile; fileRef = 120751CD1D588495000B220A /* UIImage+ImageWithColor.m */; };
		120751E91D5AAF23000B220A /* WithMe.m in Sources */ = {isa = PBXBuildFile; fileRef = 120751E81D5AAF23000B220A /* WithMe.m */; };
		120752081D5B03ED000B220A /* QueryManager.m in Sources */ = {isa = PBXBuildFile; fileRef = 120752071D5B03ED000B220A /* QueryManager.m */; };
		120752101D5B22AB000B220A /* ShadowView.m in Sources */ = {isa = PBXBuildFile; fileRef = 1207520F1D5B22AB000B220A /* ShadowView.m */; };
		1207522A1D6015F6000B220A /* SlideShow.m in Sources */ = {isa = PBXBuildFile; fileRef = 120752291D6015F6000B220A /* SlideShow.m */; };
		1207525D1D6411B5000B220A /* ParallaxView.m in Sources */ = {isa = PBXBuildFile; fileRef = 1207525C1D6411B5000B220A /* ParallaxView.m */; };
		120752641D653639000B220A /* LocationManagerController.xib in Resources */ = {isa = PBXBuildFile; fileRef = 120752631D653639000B220A /* LocationManagerController.xib */; };
		120752671D653A11000B220A /* LocationManagerController.m in Sources */ = {isa = PBXBuildFile; fileRef = 120752661D653A11000B220A /* LocationManagerController.m */; };
		120752761D667DFD000B220A /* ModalAnimator.m in Sources */ = {isa = PBXBuildFile; fileRef = 120752741D667DFD000B220A /* ModalAnimator.m */; };
		120752791D668301000B220A /* ModalViewController.m in Sources */ = {isa = PBXBuildFile; fileRef = 120752781D668301000B220A /* ModalViewController.m */; };
		120752811D669C06000B220A /* ModalTableViewController.m in Sources */ = {isa = PBXBuildFile; fileRef = 120752801D669C06000B220A /* ModalTableViewController.m */; };
		120752841D669DAC000B220A /* ModalNavigationController.m in Sources */ = {isa = PBXBuildFile; fileRef = 120752831D669DAC000B220A /* ModalNavigationController.m */; };
		120752931D684DE8000B220A /* PlaceholderTextView.m in Sources */ = {isa = PBXBuildFile; fileRef = 120752921D684DE8000B220A /* PlaceholderTextView.m */; };
		120752991D69359A000B220A /* DatePicker.m in Sources */ = {isa = PBXBuildFile; fileRef = 120752981D69359A000B220A /* DatePicker.m */; };
		1207529C1D69420D000B220A /* ActivityPicker.xib in Resources */ = {isa = PBXBuildFile; fileRef = 1207529B1D69420D000B220A /* ActivityPicker.xib */; };
		1207529F1D69425F000B220A /* ActivityPicker.m in Sources */ = {isa = PBXBuildFile; fileRef = 1207529E1D69425F000B220A /* ActivityPicker.m */; };
		120752A11D69536A000B220A /* DatePicker.xib in Resources */ = {isa = PBXBuildFile; fileRef = 120752A01D69536A000B220A /* DatePicker.xib */; };
		120752A41D6A7B76000B220A /* UIView+Parallax.m in Sources */ = {isa = PBXBuildFile; fileRef = 120752A31D6A7B76000B220A /* UIView+Parallax.m */; };
		121C81A61D51768D00B5DC9D /* RefreshControl.m in Sources */ = {isa = PBXBuildFile; fileRef = 121C81A51D51768D00B5DC9D /* RefreshControl.m */; };
		121C81B11D54507600B5DC9D /* MapView.m in Sources */ = {isa = PBXBuildFile; fileRef = 121C81B01D54507600B5DC9D /* MapView.m */; };
		12829DF81D3F373F000A1AF8 /* main.m in Sources */ = {isa = PBXBuildFile; fileRef = 12829DF71D3F373F000A1AF8 /* main.m */; };
		12829DFB1D3F373F000A1AF8 /* AppDelegate.m in Sources */ = {isa = PBXBuildFile; fileRef = 12829DFA1D3F373F000A1AF8 /* AppDelegate.m */; };
		12829DFE1D3F373F000A1AF8 /* ViewController.m in Sources */ = {isa = PBXBuildFile; fileRef = 12829DFD1D3F373F000A1AF8 /* ViewController.m */; };
		12829E011D3F373F000A1AF8 /* Main.storyboard in Resources */ = {isa = PBXBuildFile; fileRef = 12829DFF1D3F373F000A1AF8 /* Main.storyboard */; };
		12829E031D3F373F000A1AF8 /* Assets.xcassets in Resources */ = {isa = PBXBuildFile; fileRef = 12829E021D3F373F000A1AF8 /* Assets.xcassets */; };
		12829E061D3F373F000A1AF8 /* LaunchScreen.storyboard in Resources */ = {isa = PBXBuildFile; fileRef = 12829E041D3F373F000A1AF8 /* LaunchScreen.storyboard */; };
		12829E111D3F4EDF000A1AF8 /* Bolts.framework in Frameworks */ = {isa = PBXBuildFile; fileRef = 12829E0E1D3F4EDF000A1AF8 /* Bolts.framework */; };
		12829E121D3F4EDF000A1AF8 /* Parse.framework in Frameworks */ = {isa = PBXBuildFile; fileRef = 12829E0F1D3F4EDF000A1AF8 /* Parse.framework */; };
		12829E131D3F4EDF000A1AF8 /* ParseUI.framework in Frameworks */ = {isa = PBXBuildFile; fileRef = 12829E101D3F4EDF000A1AF8 /* ParseUI.framework */; };
		12829E1E1D3F5089000A1AF8 /* AudioToolbox.framework in Frameworks */ = {isa = PBXBuildFile; fileRef = 12829E141D3F5089000A1AF8 /* AudioToolbox.framework */; };
		12829E1F1D3F5089000A1AF8 /* CFNetwork.framework in Frameworks */ = {isa = PBXBuildFile; fileRef = 12829E151D3F5089000A1AF8 /* CFNetwork.framework */; };
		12829E201D3F5089000A1AF8 /* CoreGraphics.framework in Frameworks */ = {isa = PBXBuildFile; fileRef = 12829E161D3F5089000A1AF8 /* CoreGraphics.framework */; };
		12829E211D3F5089000A1AF8 /* CoreLocation.framework in Frameworks */ = {isa = PBXBuildFile; fileRef = 12829E171D3F5089000A1AF8 /* CoreLocation.framework */; };
		12829E221D3F5089000A1AF8 /* libsqlite3.tbd in Frameworks */ = {isa = PBXBuildFile; fileRef = 12829E181D3F5089000A1AF8 /* libsqlite3.tbd */; };
		12829E231D3F5089000A1AF8 /* libz.tbd in Frameworks */ = {isa = PBXBuildFile; fileRef = 12829E191D3F5089000A1AF8 /* libz.tbd */; };
		12829E241D3F5089000A1AF8 /* QuartzCore.framework in Frameworks */ = {isa = PBXBuildFile; fileRef = 12829E1A1D3F5089000A1AF8 /* QuartzCore.framework */; };
		12829E251D3F5089000A1AF8 /* Security.framework in Frameworks */ = {isa = PBXBuildFile; fileRef = 12829E1B1D3F5089000A1AF8 /* Security.framework */; };
		12829E261D3F5089000A1AF8 /* StoreKit.framework in Frameworks */ = {isa = PBXBuildFile; fileRef = 12829E1C1D3F5089000A1AF8 /* StoreKit.framework */; };
		12829E271D3F5089000A1AF8 /* SystemConfiguration.framework in Frameworks */ = {isa = PBXBuildFile; fileRef = 12829E1D1D3F5089000A1AF8 /* SystemConfiguration.framework */; };
		12829E311D3F5A82000A1AF8 /* FloatingDrawerSpringAnimator.m in Sources */ = {isa = PBXBuildFile; fileRef = 12829E2C1D3F5A82000A1AF8 /* FloatingDrawerSpringAnimator.m */; };
		12829E321D3F5A82000A1AF8 /* FloatingDrawerView.m in Sources */ = {isa = PBXBuildFile; fileRef = 12829E2E1D3F5A82000A1AF8 /* FloatingDrawerView.m */; };
		12829E331D3F5A82000A1AF8 /* FloatingDrawerViewController.m in Sources */ = {isa = PBXBuildFile; fileRef = 12829E301D3F5A82000A1AF8 /* FloatingDrawerViewController.m */; };
		12829E381D3F5ABC000A1AF8 /* MenuController.m in Sources */ = {isa = PBXBuildFile; fileRef = 12829E371D3F5ABC000A1AF8 /* MenuController.m */; };
		12829E3B1D3F5B9D000A1AF8 /* Menu.m in Sources */ = {isa = PBXBuildFile; fileRef = 12829E3A1D3F5B9D000A1AF8 /* Menu.m */; };
		12829E3E1D3F5F5A000A1AF8 /* ToggleButton.m in Sources */ = {isa = PBXBuildFile; fileRef = 12829E3D1D3F5F5A000A1AF8 /* ToggleButton.m */; };
		12829E441D3F5F7A000A1AF8 /* UIBarButtonItem+Badge.m in Sources */ = {isa = PBXBuildFile; fileRef = 12829E411D3F5F7A000A1AF8 /* UIBarButtonItem+Badge.m */; };
		12829E451D3F5F7A000A1AF8 /* UIButton+Badge.m in Sources */ = {isa = PBXBuildFile; fileRef = 12829E431D3F5F7A000A1AF8 /* UIButton+Badge.m */; };
		12829E4D1D3F5F89000A1AF8 /* NSDateTimeAgo.bundle in Resources */ = {isa = PBXBuildFile; fileRef = 12829E461D3F5F89000A1AF8 /* NSDateTimeAgo.bundle */; };
		12829E4E1D3F5F89000A1AF8 /* NSDate+TimeAgo.m in Sources */ = {isa = PBXBuildFile; fileRef = 12829E481D3F5F89000A1AF8 /* NSDate+TimeAgo.m */; };
		12829E4F1D3F5F89000A1AF8 /* UIColor+LightAndDark.m in Sources */ = {isa = PBXBuildFile; fileRef = 12829E4A1D3F5F89000A1AF8 /* UIColor+LightAndDark.m */; };
		12829E501D3F5F89000A1AF8 /* UIImage+AverageColor.m in Sources */ = {isa = PBXBuildFile; fileRef = 12829E4B1D3F5F89000A1AF8 /* UIImage+AverageColor.m */; };
		12829E581D3F737B000A1AF8 /* PFSubClassing.m in Sources */ = {isa = PBXBuildFile; fileRef = 12829E571D3F737B000A1AF8 /* PFSubClassing.m */; };
		12829E5B1D3F7BEB000A1AF8 /* S3File.m in Sources */ = {isa = PBXBuildFile; fileRef = 12829E5A1D3F7BEB000A1AF8 /* S3File.m */; };
		12829E681D3F813A000A1AF8 /* AWSCore.framework in Frameworks */ = {isa = PBXBuildFile; fileRef = 12829E661D3F813A000A1AF8 /* AWSCore.framework */; };
		12829E691D3F813A000A1AF8 /* AWSCore.framework in Embed Frameworks */ = {isa = PBXBuildFile; fileRef = 12829E661D3F813A000A1AF8 /* AWSCore.framework */; settings = {ATTRIBUTES = (CodeSignOnCopy, RemoveHeadersOnCopy, ); }; };
		12829E6A1D3F813A000A1AF8 /* AWSS3.framework in Frameworks */ = {isa = PBXBuildFile; fileRef = 12829E671D3F813A000A1AF8 /* AWSS3.framework */; };
		12829E6B1D3F813A000A1AF8 /* AWSS3.framework in Embed Frameworks */ = {isa = PBXBuildFile; fileRef = 12829E671D3F813A000A1AF8 /* AWSS3.framework */; settings = {ATTRIBUTES = (CodeSignOnCopy, RemoveHeadersOnCopy, ); }; };
		12829E701D3F83F4000A1AF8 /* SignUp.m in Sources */ = {isa = PBXBuildFile; fileRef = 12829E6F1D3F83F4000A1AF8 /* SignUp.m */; };
		12829E741D3F8BDE000A1AF8 /* ObjectIdStore.m in Sources */ = {isa = PBXBuildFile; fileRef = 12829E731D3F8BDE000A1AF8 /* ObjectIdStore.m */; };
		12829E761D3F9D8F000A1AF8 /* SignUp.xib in Resources */ = {isa = PBXBuildFile; fileRef = 12829E751D3F9D8F000A1AF8 /* SignUp.xib */; };
		12829E781D3F9EFA000A1AF8 /* Menu.xib in Resources */ = {isa = PBXBuildFile; fileRef = 12829E771D3F9EFA000A1AF8 /* Menu.xib */; };
		12829E7A1D3F9F60000A1AF8 /* MenuCell.xib in Resources */ = {isa = PBXBuildFile; fileRef = 12829E791D3F9F60000A1AF8 /* MenuCell.xib */; };
		12829E7D1D404995000A1AF8 /* ListField.m in Sources */ = {isa = PBXBuildFile; fileRef = 12829E7C1D404995000A1AF8 /* ListField.m */; };
		12829E801D405193000A1AF8 /* BaseFunctions.m in Sources */ = {isa = PBXBuildFile; fileRef = 12829E7F1D405193000A1AF8 /* BaseFunctions.m */; };
		12829EAA1D409239000A1AF8 /* UIView+RoundCorners.m in Sources */ = {isa = PBXBuildFile; fileRef = 12829EA91D409239000A1AF8 /* UIView+RoundCorners.m */; };
		12829EAF1D4093E1000A1AF8 /* MediaView.m in Sources */ = {isa = PBXBuildFile; fileRef = 12829EAE1D4093E1000A1AF8 /* MediaView.m */; };
		12829EB21D409DAC000A1AF8 /* MediaPicker.m in Sources */ = {isa = PBXBuildFile; fileRef = 12829EB11D409DAC000A1AF8 /* MediaPicker.m */; };
		12829EB51D419CD7000A1AF8 /* NavigationController.m in Sources */ = {isa = PBXBuildFile; fileRef = 12829EB41D419CD7000A1AF8 /* NavigationController.m */; };
		12829EC51D459E1C000A1AF8 /* Notifications.m in Sources */ = {isa = PBXBuildFile; fileRef = 12829EC41D459E1C000A1AF8 /* Notifications.m */; };
		129E04891D70176800FE208B /* ShadowLabel.m in Sources */ = {isa = PBXBuildFile; fileRef = 129E04881D70176800FE208B /* ShadowLabel.m */; };
		129E048E1D71244B00FE208B /* NotifViewController.m in Sources */ = {isa = PBXBuildFile; fileRef = 129E048D1D71244B00FE208B /* NotifViewController.m */; };
		129E04911D71253F00FE208B /* NotifTableViewController.m in Sources */ = {isa = PBXBuildFile; fileRef = 129E04901D71253F00FE208B /* NotifTableViewController.m */; };
		129E04991D717CB000FE208B /* Ad.m in Sources */ = {isa = PBXBuildFile; fileRef = 129E04981D717CB000FE208B /* Ad.m */; };
		129E04B61D76B45A00FE208B /* MediaHeaderView.m in Sources */ = {isa = PBXBuildFile; fileRef = 129E04B51D76B45A00FE208B /* MediaHeaderView.m */; };
		129E04BA1D76BA8E00FE208B /* MediaCollection.m in Sources */ = {isa = PBXBuildFile; fileRef = 129E04B91D76BA8E00FE208B /* MediaCollection.m */; };
		129E04C11D76BCCF00FE208B /* UserDetail.m in Sources */ = {isa = PBXBuildFile; fileRef = 129E04C01D76BCCF00FE208B /* UserDetail.m */; };
		129E04C41D76D0D900FE208B /* EditUserDetail.m in Sources */ = {isa = PBXBuildFile; fileRef = 129E04C31D76D0D900FE208B /* EditUserDetail.m */; };
		129E04C71D77D94000FE208B /* AdsCollection.m in Sources */ = {isa = PBXBuildFile; fileRef = 129E04C61D77D94000FE208B /* AdsCollection.m */; };
		129E04CA1D77DA6000FE208B /* AdsCellBase.m in Sources */ = {isa = PBXBuildFile; fileRef = 129E04C91D77DA6000FE208B /* AdsCellBase.m */; };
		129E04CC1D77DCEB00FE208B /* AdsCellBasic.xib in Resources */ = {isa = PBXBuildFile; fileRef = 129E04CB1D77DCEB00FE208B /* AdsCellBasic.xib */; };
		129E04CF1D77DD0700FE208B /* AdsCellBasic.m in Sources */ = {isa = PBXBuildFile; fileRef = 129E04CE1D77DD0700FE208B /* AdsCellBasic.m */; };
		129E04D21D77E04B00FE208B /* UserMediaView.m in Sources */ = {isa = PBXBuildFile; fileRef = 129E04D11D77E04B00FE208B /* UserMediaView.m */; };
		129E04D51D77FC4D00FE208B /* Ads.m in Sources */ = {isa = PBXBuildFile; fileRef = 129E04D41D77FC4D00FE208B /* Ads.m */; };
		129E04D81D79457900FE208B /* CategoryPicker.m in Sources */ = {isa = PBXBuildFile; fileRef = 129E04D71D79457900FE208B /* CategoryPicker.m */; };
		129E04DB1D79670B00FE208B /* ScrollingLabel.m in Sources */ = {isa = PBXBuildFile; fileRef = 129E04DA1D79670B00FE208B /* ScrollingLabel.m */; };
		129E04DE1D797FDF00FE208B /* PageFormView.m in Sources */ = {isa = PBXBuildFile; fileRef = 129E04DD1D797FDF00FE208B /* PageFormView.m */; };
		12E5368F1D4CD74D00FB8C93 /* IndentedLabel.m in Sources */ = {isa = PBXBuildFile; fileRef = 12E5368E1D4CD74D00FB8C93 /* IndentedLabel.m */; };
		12E536921D4DA9D700FB8C93 /* IconLabel.m in Sources */ = {isa = PBXBuildFile; fileRef = 12E536911D4DA9D700FB8C93 /* IconLabel.m */; };
/* End PBXBuildFile section */

/* Begin PBXCopyFilesBuildPhase section */
		12829E651D3F805B000A1AF8 /* Embed Frameworks */ = {
			isa = PBXCopyFilesBuildPhase;
			buildActionMask = 2147483647;
			dstPath = "";
			dstSubfolderSpec = 10;
			files = (
				12829E6B1D3F813A000A1AF8 /* AWSS3.framework in Embed Frameworks */,
				12829E691D3F813A000A1AF8 /* AWSCore.framework in Embed Frameworks */,
			);
			name = "Embed Frameworks";
			runOnlyForDeploymentPostprocessing = 0;
		};
/* End PBXCopyFilesBuildPhase section */

/* Begin PBXFileReference section */
		120751C61D5815C1000B220A /* LocationManager.h */ = {isa = PBXFileReference; fileEncoding = 4; lastKnownFileType = sourcecode.c.h; path = LocationManager.h; sourceTree = "<group>"; };
		120751C71D5815C1000B220A /* LocationManager.m */ = {isa = PBXFileReference; fileEncoding = 4; lastKnownFileType = sourcecode.c.objc; path = LocationManager.m; sourceTree = "<group>"; };
		120751C91D586DCD000B220A /* GradientView.h */ = {isa = PBXFileReference; fileEncoding = 4; lastKnownFileType = sourcecode.c.h; path = GradientView.h; sourceTree = "<group>"; };
		120751CA1D586DCD000B220A /* GradientView.m */ = {isa = PBXFileReference; fileEncoding = 4; lastKnownFileType = sourcecode.c.objc; path = GradientView.m; sourceTree = "<group>"; };
		120751CC1D588495000B220A /* UIImage+ImageWithColor.h */ = {isa = PBXFileReference; fileEncoding = 4; lastKnownFileType = sourcecode.c.h; path = "UIImage+ImageWithColor.h"; sourceTree = "<group>"; };
		120751CD1D588495000B220A /* UIImage+ImageWithColor.m */ = {isa = PBXFileReference; fileEncoding = 4; lastKnownFileType = sourcecode.c.objc; path = "UIImage+ImageWithColor.m"; sourceTree = "<group>"; };
		120751E71D5AAF23000B220A /* WithMe.h */ = {isa = PBXFileReference; fileEncoding = 4; lastKnownFileType = sourcecode.c.h; path = WithMe.h; sourceTree = "<group>"; };
		120751E81D5AAF23000B220A /* WithMe.m */ = {isa = PBXFileReference; fileEncoding = 4; lastKnownFileType = sourcecode.c.objc; path = WithMe.m; sourceTree = "<group>"; };
		120752061D5B03ED000B220A /* QueryManager.h */ = {isa = PBXFileReference; fileEncoding = 4; lastKnownFileType = sourcecode.c.h; path = QueryManager.h; sourceTree = "<group>"; };
		120752071D5B03ED000B220A /* QueryManager.m */ = {isa = PBXFileReference; fileEncoding = 4; lastKnownFileType = sourcecode.c.objc; path = QueryManager.m; sourceTree = "<group>"; };
		1207520E1D5B22AB000B220A /* ShadowView.h */ = {isa = PBXFileReference; fileEncoding = 4; lastKnownFileType = sourcecode.c.h; path = ShadowView.h; sourceTree = "<group>"; };
		1207520F1D5B22AB000B220A /* ShadowView.m */ = {isa = PBXFileReference; fileEncoding = 4; lastKnownFileType = sourcecode.c.objc; path = ShadowView.m; sourceTree = "<group>"; };
		120752281D6015F6000B220A /* SlideShow.h */ = {isa = PBXFileReference; fileEncoding = 4; lastKnownFileType = sourcecode.c.h; path = SlideShow.h; sourceTree = "<group>"; };
		120752291D6015F6000B220A /* SlideShow.m */ = {isa = PBXFileReference; fileEncoding = 4; lastKnownFileType = sourcecode.c.objc; path = SlideShow.m; sourceTree = "<group>"; };
		1207525B1D6411B5000B220A /* ParallaxView.h */ = {isa = PBXFileReference; fileEncoding = 4; lastKnownFileType = sourcecode.c.h; path = ParallaxView.h; sourceTree = "<group>"; };
		1207525C1D6411B5000B220A /* ParallaxView.m */ = {isa = PBXFileReference; fileEncoding = 4; lastKnownFileType = sourcecode.c.objc; path = ParallaxView.m; sourceTree = "<group>"; };
		120752631D653639000B220A /* LocationManagerController.xib */ = {isa = PBXFileReference; fileEncoding = 4; lastKnownFileType = file.xib; path = LocationManagerController.xib; sourceTree = "<group>"; };
		120752651D653A11000B220A /* LocationManagerController.h */ = {isa = PBXFileReference; fileEncoding = 4; lastKnownFileType = sourcecode.c.h; path = LocationManagerController.h; sourceTree = "<group>"; };
		120752661D653A11000B220A /* LocationManagerController.m */ = {isa = PBXFileReference; fileEncoding = 4; lastKnownFileType = sourcecode.c.objc; path = LocationManagerController.m; sourceTree = "<group>"; };
		120752741D667DFD000B220A /* ModalAnimator.m */ = {isa = PBXFileReference; fileEncoding = 4; lastKnownFileType = sourcecode.c.objc; path = ModalAnimator.m; sourceTree = "<group>"; };
		120752751D667DFD000B220A /* ModalAnimator.h */ = {isa = PBXFileReference; fileEncoding = 4; lastKnownFileType = sourcecode.c.h; path = ModalAnimator.h; sourceTree = "<group>"; };
		120752771D668301000B220A /* ModalViewController.h */ = {isa = PBXFileReference; fileEncoding = 4; lastKnownFileType = sourcecode.c.h; path = ModalViewController.h; sourceTree = "<group>"; };
		120752781D668301000B220A /* ModalViewController.m */ = {isa = PBXFileReference; fileEncoding = 4; lastKnownFileType = sourcecode.c.objc; path = ModalViewController.m; sourceTree = "<group>"; };
		1207527F1D669C06000B220A /* ModalTableViewController.h */ = {isa = PBXFileReference; fileEncoding = 4; lastKnownFileType = sourcecode.c.h; path = ModalTableViewController.h; sourceTree = "<group>"; };
		120752801D669C06000B220A /* ModalTableViewController.m */ = {isa = PBXFileReference; fileEncoding = 4; lastKnownFileType = sourcecode.c.objc; path = ModalTableViewController.m; sourceTree = "<group>"; };
		120752821D669DAC000B220A /* ModalNavigationController.h */ = {isa = PBXFileReference; fileEncoding = 4; lastKnownFileType = sourcecode.c.h; path = ModalNavigationController.h; sourceTree = "<group>"; };
		120752831D669DAC000B220A /* ModalNavigationController.m */ = {isa = PBXFileReference; fileEncoding = 4; lastKnownFileType = sourcecode.c.objc; path = ModalNavigationController.m; sourceTree = "<group>"; };
		120752911D684DE8000B220A /* PlaceholderTextView.h */ = {isa = PBXFileReference; fileEncoding = 4; lastKnownFileType = sourcecode.c.h; path = PlaceholderTextView.h; sourceTree = "<group>"; };
		120752921D684DE8000B220A /* PlaceholderTextView.m */ = {isa = PBXFileReference; fileEncoding = 4; lastKnownFileType = sourcecode.c.objc; path = PlaceholderTextView.m; sourceTree = "<group>"; };
		120752971D69359A000B220A /* DatePicker.h */ = {isa = PBXFileReference; fileEncoding = 4; lastKnownFileType = sourcecode.c.h; path = DatePicker.h; sourceTree = "<group>"; };
		120752981D69359A000B220A /* DatePicker.m */ = {isa = PBXFileReference; fileEncoding = 4; lastKnownFileType = sourcecode.c.objc; path = DatePicker.m; sourceTree = "<group>"; };
		1207529B1D69420D000B220A /* ActivityPicker.xib */ = {isa = PBXFileReference; fileEncoding = 4; lastKnownFileType = file.xib; path = ActivityPicker.xib; sourceTree = "<group>"; };
		1207529D1D69425F000B220A /* ActivityPicker.h */ = {isa = PBXFileReference; fileEncoding = 4; lastKnownFileType = sourcecode.c.h; path = ActivityPicker.h; sourceTree = "<group>"; };
		1207529E1D69425F000B220A /* ActivityPicker.m */ = {isa = PBXFileReference; fileEncoding = 4; lastKnownFileType = sourcecode.c.objc; path = ActivityPicker.m; sourceTree = "<group>"; };
		120752A01D69536A000B220A /* DatePicker.xib */ = {isa = PBXFileReference; fileEncoding = 4; lastKnownFileType = file.xib; path = DatePicker.xib; sourceTree = "<group>"; };
		120752A21D6A7B76000B220A /* UIView+Parallax.h */ = {isa = PBXFileReference; fileEncoding = 4; lastKnownFileType = sourcecode.c.h; path = "UIView+Parallax.h"; sourceTree = "<group>"; };
		120752A31D6A7B76000B220A /* UIView+Parallax.m */ = {isa = PBXFileReference; fileEncoding = 4; lastKnownFileType = sourcecode.c.objc; path = "UIView+Parallax.m"; sourceTree = "<group>"; };
		121C81A41D51768D00B5DC9D /* RefreshControl.h */ = {isa = PBXFileReference; fileEncoding = 4; lastKnownFileType = sourcecode.c.h; path = RefreshControl.h; sourceTree = "<group>"; };
		121C81A51D51768D00B5DC9D /* RefreshControl.m */ = {isa = PBXFileReference; fileEncoding = 4; lastKnownFileType = sourcecode.c.objc; path = RefreshControl.m; sourceTree = "<group>"; };
		121C81AF1D54507600B5DC9D /* MapView.h */ = {isa = PBXFileReference; fileEncoding = 4; lastKnownFileType = sourcecode.c.h; path = MapView.h; sourceTree = "<group>"; };
		121C81B01D54507600B5DC9D /* MapView.m */ = {isa = PBXFileReference; fileEncoding = 4; lastKnownFileType = sourcecode.c.objc; path = MapView.m; sourceTree = "<group>"; };
		12829DF31D3F373F000A1AF8 /* WithMe.app */ = {isa = PBXFileReference; explicitFileType = wrapper.application; includeInIndex = 0; path = WithMe.app; sourceTree = BUILT_PRODUCTS_DIR; };
		12829DF71D3F373F000A1AF8 /* main.m */ = {isa = PBXFileReference; lastKnownFileType = sourcecode.c.objc; path = main.m; sourceTree = "<group>"; };
		12829DF91D3F373F000A1AF8 /* AppDelegate.h */ = {isa = PBXFileReference; lastKnownFileType = sourcecode.c.h; path = AppDelegate.h; sourceTree = "<group>"; };
		12829DFA1D3F373F000A1AF8 /* AppDelegate.m */ = {isa = PBXFileReference; lastKnownFileType = sourcecode.c.objc; path = AppDelegate.m; sourceTree = "<group>"; };
		12829DFC1D3F373F000A1AF8 /* ViewController.h */ = {isa = PBXFileReference; lastKnownFileType = sourcecode.c.h; path = ViewController.h; sourceTree = "<group>"; };
		12829DFD1D3F373F000A1AF8 /* ViewController.m */ = {isa = PBXFileReference; lastKnownFileType = sourcecode.c.objc; path = ViewController.m; sourceTree = "<group>"; };
		12829E001D3F373F000A1AF8 /* Base */ = {isa = PBXFileReference; lastKnownFileType = file.storyboard; name = Base; path = Base.lproj/Main.storyboard; sourceTree = "<group>"; };
		12829E021D3F373F000A1AF8 /* Assets.xcassets */ = {isa = PBXFileReference; lastKnownFileType = folder.assetcatalog; path = Assets.xcassets; sourceTree = "<group>"; };
		12829E051D3F373F000A1AF8 /* Base */ = {isa = PBXFileReference; lastKnownFileType = file.storyboard; name = Base; path = Base.lproj/LaunchScreen.storyboard; sourceTree = "<group>"; };
		12829E071D3F373F000A1AF8 /* Info.plist */ = {isa = PBXFileReference; lastKnownFileType = text.plist.xml; path = Info.plist; sourceTree = "<group>"; };
		12829E0E1D3F4EDF000A1AF8 /* Bolts.framework */ = {isa = PBXFileReference; lastKnownFileType = wrapper.framework; path = Bolts.framework; sourceTree = "<group>"; };
		12829E0F1D3F4EDF000A1AF8 /* Parse.framework */ = {isa = PBXFileReference; lastKnownFileType = wrapper.framework; path = Parse.framework; sourceTree = "<group>"; };
		12829E101D3F4EDF000A1AF8 /* ParseUI.framework */ = {isa = PBXFileReference; lastKnownFileType = wrapper.framework; path = ParseUI.framework; sourceTree = "<group>"; };
		12829E141D3F5089000A1AF8 /* AudioToolbox.framework */ = {isa = PBXFileReference; lastKnownFileType = wrapper.framework; name = AudioToolbox.framework; path = System/Library/Frameworks/AudioToolbox.framework; sourceTree = SDKROOT; };
		12829E151D3F5089000A1AF8 /* CFNetwork.framework */ = {isa = PBXFileReference; lastKnownFileType = wrapper.framework; name = CFNetwork.framework; path = System/Library/Frameworks/CFNetwork.framework; sourceTree = SDKROOT; };
		12829E161D3F5089000A1AF8 /* CoreGraphics.framework */ = {isa = PBXFileReference; lastKnownFileType = wrapper.framework; name = CoreGraphics.framework; path = System/Library/Frameworks/CoreGraphics.framework; sourceTree = SDKROOT; };
		12829E171D3F5089000A1AF8 /* CoreLocation.framework */ = {isa = PBXFileReference; lastKnownFileType = wrapper.framework; name = CoreLocation.framework; path = System/Library/Frameworks/CoreLocation.framework; sourceTree = SDKROOT; };
		12829E181D3F5089000A1AF8 /* libsqlite3.tbd */ = {isa = PBXFileReference; lastKnownFileType = "sourcecode.text-based-dylib-definition"; name = libsqlite3.tbd; path = usr/lib/libsqlite3.tbd; sourceTree = SDKROOT; };
		12829E191D3F5089000A1AF8 /* libz.tbd */ = {isa = PBXFileReference; lastKnownFileType = "sourcecode.text-based-dylib-definition"; name = libz.tbd; path = usr/lib/libz.tbd; sourceTree = SDKROOT; };
		12829E1A1D3F5089000A1AF8 /* QuartzCore.framework */ = {isa = PBXFileReference; lastKnownFileType = wrapper.framework; name = QuartzCore.framework; path = System/Library/Frameworks/QuartzCore.framework; sourceTree = SDKROOT; };
		12829E1B1D3F5089000A1AF8 /* Security.framework */ = {isa = PBXFileReference; lastKnownFileType = wrapper.framework; name = Security.framework; path = System/Library/Frameworks/Security.framework; sourceTree = SDKROOT; };
		12829E1C1D3F5089000A1AF8 /* StoreKit.framework */ = {isa = PBXFileReference; lastKnownFileType = wrapper.framework; name = StoreKit.framework; path = System/Library/Frameworks/StoreKit.framework; sourceTree = SDKROOT; };
		12829E1D1D3F5089000A1AF8 /* SystemConfiguration.framework */ = {isa = PBXFileReference; lastKnownFileType = wrapper.framework; name = SystemConfiguration.framework; path = System/Library/Frameworks/SystemConfiguration.framework; sourceTree = SDKROOT; };
		12829E281D3F50AD000A1AF8 /* WithMe.pch */ = {isa = PBXFileReference; lastKnownFileType = sourcecode.c.h; path = WithMe.pch; sourceTree = "<group>"; };
		12829E2A1D3F5A81000A1AF8 /* FloatingDrawerAnimation.h */ = {isa = PBXFileReference; fileEncoding = 4; lastKnownFileType = sourcecode.c.h; path = FloatingDrawerAnimation.h; sourceTree = "<group>"; };
		12829E2B1D3F5A81000A1AF8 /* FloatingDrawerSpringAnimator.h */ = {isa = PBXFileReference; fileEncoding = 4; lastKnownFileType = sourcecode.c.h; path = FloatingDrawerSpringAnimator.h; sourceTree = "<group>"; };
		12829E2C1D3F5A82000A1AF8 /* FloatingDrawerSpringAnimator.m */ = {isa = PBXFileReference; fileEncoding = 4; lastKnownFileType = sourcecode.c.objc; path = FloatingDrawerSpringAnimator.m; sourceTree = "<group>"; };
		12829E2D1D3F5A82000A1AF8 /* FloatingDrawerView.h */ = {isa = PBXFileReference; fileEncoding = 4; lastKnownFileType = sourcecode.c.h; path = FloatingDrawerView.h; sourceTree = "<group>"; };
		12829E2E1D3F5A82000A1AF8 /* FloatingDrawerView.m */ = {isa = PBXFileReference; fileEncoding = 4; lastKnownFileType = sourcecode.c.objc; path = FloatingDrawerView.m; sourceTree = "<group>"; };
		12829E2F1D3F5A82000A1AF8 /* FloatingDrawerViewController.h */ = {isa = PBXFileReference; fileEncoding = 4; lastKnownFileType = sourcecode.c.h; path = FloatingDrawerViewController.h; sourceTree = "<group>"; };
		12829E301D3F5A82000A1AF8 /* FloatingDrawerViewController.m */ = {isa = PBXFileReference; fileEncoding = 4; lastKnownFileType = sourcecode.c.objc; path = FloatingDrawerViewController.m; sourceTree = "<group>"; };
		12829E361D3F5ABC000A1AF8 /* MenuController.h */ = {isa = PBXFileReference; fileEncoding = 4; lastKnownFileType = sourcecode.c.h; path = MenuController.h; sourceTree = "<group>"; };
		12829E371D3F5ABC000A1AF8 /* MenuController.m */ = {isa = PBXFileReference; fileEncoding = 4; lastKnownFileType = sourcecode.c.objc; path = MenuController.m; sourceTree = "<group>"; };
		12829E391D3F5B9D000A1AF8 /* Menu.h */ = {isa = PBXFileReference; fileEncoding = 4; lastKnownFileType = sourcecode.c.h; path = Menu.h; sourceTree = "<group>"; };
		12829E3A1D3F5B9D000A1AF8 /* Menu.m */ = {isa = PBXFileReference; fileEncoding = 4; lastKnownFileType = sourcecode.c.objc; path = Menu.m; sourceTree = "<group>"; };
		12829E3C1D3F5F5A000A1AF8 /* ToggleButton.h */ = {isa = PBXFileReference; fileEncoding = 4; lastKnownFileType = sourcecode.c.h; path = ToggleButton.h; sourceTree = "<group>"; };
		12829E3D1D3F5F5A000A1AF8 /* ToggleButton.m */ = {isa = PBXFileReference; fileEncoding = 4; lastKnownFileType = sourcecode.c.objc; path = ToggleButton.m; sourceTree = "<group>"; };
		12829E401D3F5F7A000A1AF8 /* UIBarButtonItem+Badge.h */ = {isa = PBXFileReference; fileEncoding = 4; lastKnownFileType = sourcecode.c.h; path = "UIBarButtonItem+Badge.h"; sourceTree = "<group>"; };
		12829E411D3F5F7A000A1AF8 /* UIBarButtonItem+Badge.m */ = {isa = PBXFileReference; fileEncoding = 4; lastKnownFileType = sourcecode.c.objc; path = "UIBarButtonItem+Badge.m"; sourceTree = "<group>"; };
		12829E421D3F5F7A000A1AF8 /* UIButton+Badge.h */ = {isa = PBXFileReference; fileEncoding = 4; lastKnownFileType = sourcecode.c.h; path = "UIButton+Badge.h"; sourceTree = "<group>"; };
		12829E431D3F5F7A000A1AF8 /* UIButton+Badge.m */ = {isa = PBXFileReference; fileEncoding = 4; lastKnownFileType = sourcecode.c.objc; path = "UIButton+Badge.m"; sourceTree = "<group>"; };
		12829E461D3F5F89000A1AF8 /* NSDateTimeAgo.bundle */ = {isa = PBXFileReference; lastKnownFileType = "wrapper.plug-in"; path = NSDateTimeAgo.bundle; sourceTree = "<group>"; };
		12829E471D3F5F89000A1AF8 /* NSDate+TimeAgo.h */ = {isa = PBXFileReference; fileEncoding = 4; lastKnownFileType = sourcecode.c.h; path = "NSDate+TimeAgo.h"; sourceTree = "<group>"; };
		12829E481D3F5F89000A1AF8 /* NSDate+TimeAgo.m */ = {isa = PBXFileReference; fileEncoding = 4; lastKnownFileType = sourcecode.c.objc; path = "NSDate+TimeAgo.m"; sourceTree = "<group>"; };
		12829E491D3F5F89000A1AF8 /* UIColor+LightAndDark.h */ = {isa = PBXFileReference; fileEncoding = 4; lastKnownFileType = sourcecode.c.h; path = "UIColor+LightAndDark.h"; sourceTree = "<group>"; };
		12829E4A1D3F5F89000A1AF8 /* UIColor+LightAndDark.m */ = {isa = PBXFileReference; fileEncoding = 4; lastKnownFileType = sourcecode.c.objc; path = "UIColor+LightAndDark.m"; sourceTree = "<group>"; };
		12829E4B1D3F5F89000A1AF8 /* UIImage+AverageColor.m */ = {isa = PBXFileReference; fileEncoding = 4; lastKnownFileType = sourcecode.c.objc; path = "UIImage+AverageColor.m"; sourceTree = "<group>"; };
		12829E4C1D3F5F89000A1AF8 /* UIImage+AverageColor.h */ = {isa = PBXFileReference; fileEncoding = 4; lastKnownFileType = sourcecode.c.h; path = "UIImage+AverageColor.h"; sourceTree = "<group>"; };
		12829E561D3F737B000A1AF8 /* PFSubClassing.h */ = {isa = PBXFileReference; fileEncoding = 4; lastKnownFileType = sourcecode.c.h; path = PFSubClassing.h; sourceTree = "<group>"; };
		12829E571D3F737B000A1AF8 /* PFSubClassing.m */ = {isa = PBXFileReference; fileEncoding = 4; lastKnownFileType = sourcecode.c.objc; path = PFSubClassing.m; sourceTree = "<group>"; };
		12829E591D3F7BEB000A1AF8 /* S3File.h */ = {isa = PBXFileReference; fileEncoding = 4; lastKnownFileType = sourcecode.c.h; path = S3File.h; sourceTree = "<group>"; };
		12829E5A1D3F7BEB000A1AF8 /* S3File.m */ = {isa = PBXFileReference; fileEncoding = 4; lastKnownFileType = sourcecode.c.objc; path = S3File.m; sourceTree = "<group>"; };
		12829E661D3F813A000A1AF8 /* AWSCore.framework */ = {isa = PBXFileReference; lastKnownFileType = wrapper.framework; path = AWSCore.framework; sourceTree = "<group>"; };
		12829E671D3F813A000A1AF8 /* AWSS3.framework */ = {isa = PBXFileReference; lastKnownFileType = wrapper.framework; path = AWSS3.framework; sourceTree = "<group>"; };
		12829E6E1D3F83F4000A1AF8 /* SignUp.h */ = {isa = PBXFileReference; fileEncoding = 4; lastKnownFileType = sourcecode.c.h; path = SignUp.h; sourceTree = "<group>"; };
		12829E6F1D3F83F4000A1AF8 /* SignUp.m */ = {isa = PBXFileReference; fileEncoding = 4; lastKnownFileType = sourcecode.c.objc; path = SignUp.m; sourceTree = "<group>"; };
		12829E721D3F8BDE000A1AF8 /* ObjectIdStore.h */ = {isa = PBXFileReference; fileEncoding = 4; lastKnownFileType = sourcecode.c.h; path = ObjectIdStore.h; sourceTree = "<group>"; };
		12829E731D3F8BDE000A1AF8 /* ObjectIdStore.m */ = {isa = PBXFileReference; fileEncoding = 4; lastKnownFileType = sourcecode.c.objc; path = ObjectIdStore.m; sourceTree = "<group>"; };
		12829E751D3F9D8F000A1AF8 /* SignUp.xib */ = {isa = PBXFileReference; fileEncoding = 4; lastKnownFileType = file.xib; path = SignUp.xib; sourceTree = "<group>"; };
		12829E771D3F9EFA000A1AF8 /* Menu.xib */ = {isa = PBXFileReference; fileEncoding = 4; lastKnownFileType = file.xib; path = Menu.xib; sourceTree = "<group>"; };
		12829E791D3F9F60000A1AF8 /* MenuCell.xib */ = {isa = PBXFileReference; fileEncoding = 4; lastKnownFileType = file.xib; path = MenuCell.xib; sourceTree = "<group>"; };
		12829E7B1D404995000A1AF8 /* ListField.h */ = {isa = PBXFileReference; fileEncoding = 4; lastKnownFileType = sourcecode.c.h; path = ListField.h; sourceTree = "<group>"; };
		12829E7C1D404995000A1AF8 /* ListField.m */ = {isa = PBXFileReference; fileEncoding = 4; lastKnownFileType = sourcecode.c.objc; path = ListField.m; sourceTree = "<group>"; };
		12829E7E1D405193000A1AF8 /* BaseFunctions.h */ = {isa = PBXFileReference; fileEncoding = 4; lastKnownFileType = sourcecode.c.h; path = BaseFunctions.h; sourceTree = "<group>"; };
		12829E7F1D405193000A1AF8 /* BaseFunctions.m */ = {isa = PBXFileReference; fileEncoding = 4; lastKnownFileType = sourcecode.c.objc; path = BaseFunctions.m; sourceTree = "<group>"; };
		12829EA81D409211000A1AF8 /* UIView+RoundCorners.h */ = {isa = PBXFileReference; fileEncoding = 4; lastKnownFileType = sourcecode.c.h; path = "UIView+RoundCorners.h"; sourceTree = "<group>"; };
		12829EA91D409239000A1AF8 /* UIView+RoundCorners.m */ = {isa = PBXFileReference; fileEncoding = 4; lastKnownFileType = sourcecode.c.objc; path = "UIView+RoundCorners.m"; sourceTree = "<group>"; };
		12829EAD1D4093E1000A1AF8 /* MediaView.h */ = {isa = PBXFileReference; fileEncoding = 4; lastKnownFileType = sourcecode.c.h; path = MediaView.h; sourceTree = "<group>"; };
		12829EAE1D4093E1000A1AF8 /* MediaView.m */ = {isa = PBXFileReference; fileEncoding = 4; lastKnownFileType = sourcecode.c.objc; path = MediaView.m; sourceTree = "<group>"; };
		12829EB01D409DAC000A1AF8 /* MediaPicker.h */ = {isa = PBXFileReference; fileEncoding = 4; lastKnownFileType = sourcecode.c.h; path = MediaPicker.h; sourceTree = "<group>"; };
		12829EB11D409DAC000A1AF8 /* MediaPicker.m */ = {isa = PBXFileReference; fileEncoding = 4; lastKnownFileType = sourcecode.c.objc; path = MediaPicker.m; sourceTree = "<group>"; };
		12829EB31D419CD7000A1AF8 /* NavigationController.h */ = {isa = PBXFileReference; fileEncoding = 4; lastKnownFileType = sourcecode.c.h; path = NavigationController.h; sourceTree = "<group>"; };
		12829EB41D419CD7000A1AF8 /* NavigationController.m */ = {isa = PBXFileReference; fileEncoding = 4; lastKnownFileType = sourcecode.c.objc; path = NavigationController.m; sourceTree = "<group>"; };
		12829EBB1D41D284000A1AF8 /* MapKit.framework */ = {isa = PBXFileReference; lastKnownFileType = wrapper.framework; name = MapKit.framework; path = System/Library/Frameworks/MapKit.framework; sourceTree = SDKROOT; };
		12829EC31D459E1C000A1AF8 /* Notifications.h */ = {isa = PBXFileReference; fileEncoding = 4; lastKnownFileType = sourcecode.c.h; path = Notifications.h; sourceTree = "<group>"; };
		12829EC41D459E1C000A1AF8 /* Notifications.m */ = {isa = PBXFileReference; fileEncoding = 4; lastKnownFileType = sourcecode.c.objc; path = Notifications.m; sourceTree = "<group>"; };
		129E04871D70176800FE208B /* ShadowLabel.h */ = {isa = PBXFileReference; fileEncoding = 4; lastKnownFileType = sourcecode.c.h; path = ShadowLabel.h; sourceTree = "<group>"; };
		129E04881D70176800FE208B /* ShadowLabel.m */ = {isa = PBXFileReference; fileEncoding = 4; lastKnownFileType = sourcecode.c.objc; path = ShadowLabel.m; sourceTree = "<group>"; };
		129E048C1D71244B00FE208B /* NotifViewController.h */ = {isa = PBXFileReference; fileEncoding = 4; lastKnownFileType = sourcecode.c.h; path = NotifViewController.h; sourceTree = "<group>"; };
		129E048D1D71244B00FE208B /* NotifViewController.m */ = {isa = PBXFileReference; fileEncoding = 4; lastKnownFileType = sourcecode.c.objc; path = NotifViewController.m; sourceTree = "<group>"; };
		129E048F1D71253F00FE208B /* NotifTableViewController.h */ = {isa = PBXFileReference; fileEncoding = 4; lastKnownFileType = sourcecode.c.h; path = NotifTableViewController.h; sourceTree = "<group>"; };
		129E04901D71253F00FE208B /* NotifTableViewController.m */ = {isa = PBXFileReference; fileEncoding = 4; lastKnownFileType = sourcecode.c.objc; path = NotifTableViewController.m; sourceTree = "<group>"; };
		129E04971D717CB000FE208B /* Ad.h */ = {isa = PBXFileReference; fileEncoding = 4; lastKnownFileType = sourcecode.c.h; path = Ad.h; sourceTree = "<group>"; };
		129E04981D717CB000FE208B /* Ad.m */ = {isa = PBXFileReference; fileEncoding = 4; lastKnownFileType = sourcecode.c.objc; path = Ad.m; sourceTree = "<group>"; };
		129E04B41D76B45A00FE208B /* MediaHeaderView.h */ = {isa = PBXFileReference; fileEncoding = 4; lastKnownFileType = sourcecode.c.h; path = MediaHeaderView.h; sourceTree = "<group>"; };
		129E04B51D76B45A00FE208B /* MediaHeaderView.m */ = {isa = PBXFileReference; fileEncoding = 4; lastKnownFileType = sourcecode.c.objc; path = MediaHeaderView.m; sourceTree = "<group>"; };
		129E04B81D76BA8E00FE208B /* MediaCollection.h */ = {isa = PBXFileReference; fileEncoding = 4; lastKnownFileType = sourcecode.c.h; path = MediaCollection.h; sourceTree = "<group>"; };
		129E04B91D76BA8E00FE208B /* MediaCollection.m */ = {isa = PBXFileReference; fileEncoding = 4; lastKnownFileType = sourcecode.c.objc; path = MediaCollection.m; sourceTree = "<group>"; };
		129E04BF1D76BCCF00FE208B /* UserDetail.h */ = {isa = PBXFileReference; fileEncoding = 4; lastKnownFileType = sourcecode.c.h; path = UserDetail.h; sourceTree = "<group>"; };
		129E04C01D76BCCF00FE208B /* UserDetail.m */ = {isa = PBXFileReference; fileEncoding = 4; lastKnownFileType = sourcecode.c.objc; path = UserDetail.m; sourceTree = "<group>"; };
		129E04C21D76D0D900FE208B /* EditUserDetail.h */ = {isa = PBXFileReference; fileEncoding = 4; lastKnownFileType = sourcecode.c.h; path = EditUserDetail.h; sourceTree = "<group>"; };
		129E04C31D76D0D900FE208B /* EditUserDetail.m */ = {isa = PBXFileReference; fileEncoding = 4; lastKnownFileType = sourcecode.c.objc; path = EditUserDetail.m; sourceTree = "<group>"; };
		129E04C51D77D94000FE208B /* AdsCollection.h */ = {isa = PBXFileReference; fileEncoding = 4; lastKnownFileType = sourcecode.c.h; path = AdsCollection.h; sourceTree = "<group>"; };
		129E04C61D77D94000FE208B /* AdsCollection.m */ = {isa = PBXFileReference; fileEncoding = 4; lastKnownFileType = sourcecode.c.objc; path = AdsCollection.m; sourceTree = "<group>"; };
		129E04C81D77DA6000FE208B /* AdsCellBase.h */ = {isa = PBXFileReference; fileEncoding = 4; lastKnownFileType = sourcecode.c.h; path = AdsCellBase.h; sourceTree = "<group>"; };
		129E04C91D77DA6000FE208B /* AdsCellBase.m */ = {isa = PBXFileReference; fileEncoding = 4; lastKnownFileType = sourcecode.c.objc; path = AdsCellBase.m; sourceTree = "<group>"; };
		129E04CB1D77DCEB00FE208B /* AdsCellBasic.xib */ = {isa = PBXFileReference; fileEncoding = 4; lastKnownFileType = file.xib; path = AdsCellBasic.xib; sourceTree = "<group>"; };
		129E04CD1D77DD0700FE208B /* AdsCellBasic.h */ = {isa = PBXFileReference; fileEncoding = 4; lastKnownFileType = sourcecode.c.h; path = AdsCellBasic.h; sourceTree = "<group>"; };
		129E04CE1D77DD0700FE208B /* AdsCellBasic.m */ = {isa = PBXFileReference; fileEncoding = 4; lastKnownFileType = sourcecode.c.objc; path = AdsCellBasic.m; sourceTree = "<group>"; };
		129E04D01D77E04B00FE208B /* UserMediaView.h */ = {isa = PBXFileReference; fileEncoding = 4; lastKnownFileType = sourcecode.c.h; path = UserMediaView.h; sourceTree = "<group>"; };
		129E04D11D77E04B00FE208B /* UserMediaView.m */ = {isa = PBXFileReference; fileEncoding = 4; lastKnownFileType = sourcecode.c.objc; path = UserMediaView.m; sourceTree = "<group>"; };
		129E04D31D77FC4D00FE208B /* Ads.h */ = {isa = PBXFileReference; fileEncoding = 4; lastKnownFileType = sourcecode.c.h; path = Ads.h; sourceTree = "<group>"; };
		129E04D41D77FC4D00FE208B /* Ads.m */ = {isa = PBXFileReference; fileEncoding = 4; lastKnownFileType = sourcecode.c.objc; path = Ads.m; sourceTree = "<group>"; };
		129E04D61D79457900FE208B /* CategoryPicker.h */ = {isa = PBXFileReference; fileEncoding = 4; lastKnownFileType = sourcecode.c.h; path = CategoryPicker.h; sourceTree = "<group>"; };
		129E04D71D79457900FE208B /* CategoryPicker.m */ = {isa = PBXFileReference; fileEncoding = 4; lastKnownFileType = sourcecode.c.objc; path = CategoryPicker.m; sourceTree = "<group>"; };
		129E04D91D79670B00FE208B /* ScrollingLabel.h */ = {isa = PBXFileReference; fileEncoding = 4; lastKnownFileType = sourcecode.c.h; path = ScrollingLabel.h; sourceTree = "<group>"; };
		129E04DA1D79670B00FE208B /* ScrollingLabel.m */ = {isa = PBXFileReference; fileEncoding = 4; lastKnownFileType = sourcecode.c.objc; path = ScrollingLabel.m; sourceTree = "<group>"; };
		129E04DC1D797FDF00FE208B /* PageFormView.h */ = {isa = PBXFileReference; fileEncoding = 4; lastKnownFileType = sourcecode.c.h; path = PageFormView.h; sourceTree = "<group>"; };
		129E04DD1D797FDF00FE208B /* PageFormView.m */ = {isa = PBXFileReference; fileEncoding = 4; lastKnownFileType = sourcecode.c.objc; path = PageFormView.m; sourceTree = "<group>"; };
		12E5368D1D4CD74D00FB8C93 /* IndentedLabel.h */ = {isa = PBXFileReference; fileEncoding = 4; lastKnownFileType = sourcecode.c.h; path = IndentedLabel.h; sourceTree = "<group>"; };
		12E5368E1D4CD74D00FB8C93 /* IndentedLabel.m */ = {isa = PBXFileReference; fileEncoding = 4; lastKnownFileType = sourcecode.c.objc; path = IndentedLabel.m; sourceTree = "<group>"; };
		12E536901D4DA9D700FB8C93 /* IconLabel.h */ = {isa = PBXFileReference; fileEncoding = 4; lastKnownFileType = sourcecode.c.h; path = IconLabel.h; sourceTree = "<group>"; };
		12E536911D4DA9D700FB8C93 /* IconLabel.m */ = {isa = PBXFileReference; fileEncoding = 4; lastKnownFileType = sourcecode.c.objc; path = IconLabel.m; sourceTree = "<group>"; };
/* End PBXFileReference section */

/* Begin PBXFrameworksBuildPhase section */
		12829DF01D3F373F000A1AF8 /* Frameworks */ = {
			isa = PBXFrameworksBuildPhase;
			buildActionMask = 2147483647;
			files = (
				12829E1E1D3F5089000A1AF8 /* AudioToolbox.framework in Frameworks */,
				12829E681D3F813A000A1AF8 /* AWSCore.framework in Frameworks */,
				120751BD1D546A9D000B220A /* MapKit.framework in Frameworks */,
				12829E1F1D3F5089000A1AF8 /* CFNetwork.framework in Frameworks */,
				12829E201D3F5089000A1AF8 /* CoreGraphics.framework in Frameworks */,
				12829E211D3F5089000A1AF8 /* CoreLocation.framework in Frameworks */,
				12829E221D3F5089000A1AF8 /* libsqlite3.tbd in Frameworks */,
				12829E231D3F5089000A1AF8 /* libz.tbd in Frameworks */,
				12829E241D3F5089000A1AF8 /* QuartzCore.framework in Frameworks */,
				12829E251D3F5089000A1AF8 /* Security.framework in Frameworks */,
				12829E261D3F5089000A1AF8 /* StoreKit.framework in Frameworks */,
				12829E271D3F5089000A1AF8 /* SystemConfiguration.framework in Frameworks */,
				12829E131D3F4EDF000A1AF8 /* ParseUI.framework in Frameworks */,
				12829E121D3F4EDF000A1AF8 /* Parse.framework in Frameworks */,
				12829E111D3F4EDF000A1AF8 /* Bolts.framework in Frameworks */,
				12829E6A1D3F813A000A1AF8 /* AWSS3.framework in Frameworks */,
			);
			runOnlyForDeploymentPostprocessing = 0;
		};
/* End PBXFrameworksBuildPhase section */

/* Begin PBXGroup section */
		120752621D6535FF000B220A /* LocationManager Controller */ = {
			isa = PBXGroup;
			children = (
				120752631D653639000B220A /* LocationManagerController.xib */,
				120752651D653A11000B220A /* LocationManagerController.h */,
				120752661D653A11000B220A /* LocationManagerController.m */,
			);
			name = "LocationManager Controller";
			sourceTree = "<group>";
		};
		1207529A1D6941EE000B220A /* Pickers */ = {
			isa = PBXGroup;
			children = (
				120752A01D69536A000B220A /* DatePicker.xib */,
				120752971D69359A000B220A /* DatePicker.h */,
				120752981D69359A000B220A /* DatePicker.m */,
				1207529B1D69420D000B220A /* ActivityPicker.xib */,
				1207529D1D69425F000B220A /* ActivityPicker.h */,
				1207529E1D69425F000B220A /* ActivityPicker.m */,
				129E04D61D79457900FE208B /* CategoryPicker.h */,
				129E04D71D79457900FE208B /* CategoryPicker.m */,
			);
			name = Pickers;
			sourceTree = "<group>";
		};
		12829DEA1D3F373F000A1AF8 = {
			isa = PBXGroup;
			children = (
				12829E0D1D3F4E88000A1AF8 /* Frameworks */,
				12829DF51D3F373F000A1AF8 /* WithMe */,
				12829DF41D3F373F000A1AF8 /* Products */,
			);
			sourceTree = "<group>";
		};
		12829DF41D3F373F000A1AF8 /* Products */ = {
			isa = PBXGroup;
			children = (
				12829DF31D3F373F000A1AF8 /* WithMe.app */,
			);
			name = Products;
			sourceTree = "<group>";
		};
		12829DF51D3F373F000A1AF8 /* WithMe */ = {
			isa = PBXGroup;
			children = (
				12829E711D3F844A000A1AF8 /* Engine */,
				12829E551D3F72F1000A1AF8 /* Class Extensions */,
				12829E511D3F71F5000A1AF8 /* Addons */,
				12829E3F1D3F5F6E000A1AF8 /* Extensions */,
				12829EAB1D4093A5000A1AF8 /* Views */,
				12829E341D3F5A9E000A1AF8 /* ViewControllers */,
				12829DFF1D3F373F000A1AF8 /* Main.storyboard */,
				12829E021D3F373F000A1AF8 /* Assets.xcassets */,
				12829DF91D3F373F000A1AF8 /* AppDelegate.h */,
				12829DFA1D3F373F000A1AF8 /* AppDelegate.m */,
				12829DFC1D3F373F000A1AF8 /* ViewController.h */,
				12829DFD1D3F373F000A1AF8 /* ViewController.m */,
				12829E041D3F373F000A1AF8 /* LaunchScreen.storyboard */,
				12829E071D3F373F000A1AF8 /* Info.plist */,
				12829DF61D3F373F000A1AF8 /* Supporting Files */,
			);
			path = WithMe;
			sourceTree = "<group>";
		};
		12829DF61D3F373F000A1AF8 /* Supporting Files */ = {
			isa = PBXGroup;
			children = (
				12829DF71D3F373F000A1AF8 /* main.m */,
				12829E281D3F50AD000A1AF8 /* WithMe.pch */,
				12829E7E1D405193000A1AF8 /* BaseFunctions.h */,
				12829E7F1D405193000A1AF8 /* BaseFunctions.m */,
			);
			name = "Supporting Files";
			sourceTree = "<group>";
		};
		12829E0D1D3F4E88000A1AF8 /* Frameworks */ = {
			isa = PBXGroup;
			children = (
				12829EBB1D41D284000A1AF8 /* MapKit.framework */,
				12829E661D3F813A000A1AF8 /* AWSCore.framework */,
				12829E671D3F813A000A1AF8 /* AWSS3.framework */,
				12829E141D3F5089000A1AF8 /* AudioToolbox.framework */,
				12829E151D3F5089000A1AF8 /* CFNetwork.framework */,
				12829E161D3F5089000A1AF8 /* CoreGraphics.framework */,
				12829E171D3F5089000A1AF8 /* CoreLocation.framework */,
				12829E181D3F5089000A1AF8 /* libsqlite3.tbd */,
				12829E191D3F5089000A1AF8 /* libz.tbd */,
				12829E1A1D3F5089000A1AF8 /* QuartzCore.framework */,
				12829E1B1D3F5089000A1AF8 /* Security.framework */,
				12829E1C1D3F5089000A1AF8 /* StoreKit.framework */,
				12829E1D1D3F5089000A1AF8 /* SystemConfiguration.framework */,
				12829E0E1D3F4EDF000A1AF8 /* Bolts.framework */,
				12829E0F1D3F4EDF000A1AF8 /* Parse.framework */,
				12829E101D3F4EDF000A1AF8 /* ParseUI.framework */,
			);
			name = Frameworks;
			sourceTree = "<group>";
		};
		12829E291D3F5A72000A1AF8 /* MenuSystem */ = {
			isa = PBXGroup;
			children = (
				12829E2A1D3F5A81000A1AF8 /* FloatingDrawerAnimation.h */,
				12829E2B1D3F5A81000A1AF8 /* FloatingDrawerSpringAnimator.h */,
				12829E2C1D3F5A82000A1AF8 /* FloatingDrawerSpringAnimator.m */,
				12829E2D1D3F5A82000A1AF8 /* FloatingDrawerView.h */,
				12829E2E1D3F5A82000A1AF8 /* FloatingDrawerView.m */,
				12829E2F1D3F5A82000A1AF8 /* FloatingDrawerViewController.h */,
				12829E301D3F5A82000A1AF8 /* FloatingDrawerViewController.m */,
				12829EB31D419CD7000A1AF8 /* NavigationController.h */,
				12829EB41D419CD7000A1AF8 /* NavigationController.m */,
			);
			name = MenuSystem;
			sourceTree = "<group>";
		};
		12829E341D3F5A9E000A1AF8 /* ViewControllers */ = {
			isa = PBXGroup;
			children = (
				129E04BE1D76BCBF00FE208B /* UserDetail */,
				129E04B71D76BA7800FE208B /* Collections */,
				129E04B31D76B29B00FE208B /* Ads */,
				120752621D6535FF000B220A /* LocationManager Controller */,
				12829E6D1D3F83E7000A1AF8 /* Signup */,
				12829E351D3F5AA8000A1AF8 /* Menu system */,
			);
			name = ViewControllers;
			sourceTree = "<group>";
		};
		12829E351D3F5AA8000A1AF8 /* Menu system */ = {
			isa = PBXGroup;
			children = (
				12829E291D3F5A72000A1AF8 /* MenuSystem */,
				12829E361D3F5ABC000A1AF8 /* MenuController.h */,
				12829E371D3F5ABC000A1AF8 /* MenuController.m */,
				12829E391D3F5B9D000A1AF8 /* Menu.h */,
				12829E3A1D3F5B9D000A1AF8 /* Menu.m */,
				12829E3C1D3F5F5A000A1AF8 /* ToggleButton.h */,
				12829E3D1D3F5F5A000A1AF8 /* ToggleButton.m */,
				12829E771D3F9EFA000A1AF8 /* Menu.xib */,
				12829E791D3F9F60000A1AF8 /* MenuCell.xib */,
			);
			name = "Menu system";
			sourceTree = "<group>";
		};
		12829E3F1D3F5F6E000A1AF8 /* Extensions */ = {
			isa = PBXGroup;
			children = (
				12829E461D3F5F89000A1AF8 /* NSDateTimeAgo.bundle */,
				12829E471D3F5F89000A1AF8 /* NSDate+TimeAgo.h */,
				12829E481D3F5F89000A1AF8 /* NSDate+TimeAgo.m */,
				12E5368D1D4CD74D00FB8C93 /* IndentedLabel.h */,
				12E5368E1D4CD74D00FB8C93 /* IndentedLabel.m */,
				12E536901D4DA9D700FB8C93 /* IconLabel.h */,
				12E536911D4DA9D700FB8C93 /* IconLabel.m */,
				12829E491D3F5F89000A1AF8 /* UIColor+LightAndDark.h */,
				12829E4A1D3F5F89000A1AF8 /* UIColor+LightAndDark.m */,
				12829E4B1D3F5F89000A1AF8 /* UIImage+AverageColor.m */,
				12829E4C1D3F5F89000A1AF8 /* UIImage+AverageColor.h */,
				120751CC1D588495000B220A /* UIImage+ImageWithColor.h */,
				120751CD1D588495000B220A /* UIImage+ImageWithColor.m */,
				12829E401D3F5F7A000A1AF8 /* UIBarButtonItem+Badge.h */,
				12829E411D3F5F7A000A1AF8 /* UIBarButtonItem+Badge.m */,
				12829EA81D409211000A1AF8 /* UIView+RoundCorners.h */,
				12829EA91D409239000A1AF8 /* UIView+RoundCorners.m */,
				120752A21D6A7B76000B220A /* UIView+Parallax.h */,
				120752A31D6A7B76000B220A /* UIView+Parallax.m */,
				12829E421D3F5F7A000A1AF8 /* UIButton+Badge.h */,
				12829E431D3F5F7A000A1AF8 /* UIButton+Badge.m */,
			);
			name = Extensions;
			sourceTree = "<group>";
		};
		12829E511D3F71F5000A1AF8 /* Addons */ = {
			isa = PBXGroup;
			children = (
				12829E591D3F7BEB000A1AF8 /* S3File.h */,
				12829E5A1D3F7BEB000A1AF8 /* S3File.m */,
				12829E7B1D404995000A1AF8 /* ListField.h */,
				12829E7C1D404995000A1AF8 /* ListField.m */,
				12829EB01D409DAC000A1AF8 /* MediaPicker.h */,
				12829EB11D409DAC000A1AF8 /* MediaPicker.m */,
				12829EC31D459E1C000A1AF8 /* Notifications.h */,
				12829EC41D459E1C000A1AF8 /* Notifications.m */,
			);
			name = Addons;
			sourceTree = "<group>";
		};
		12829E551D3F72F1000A1AF8 /* Class Extensions */ = {
			isa = PBXGroup;
			children = (
				12829E561D3F737B000A1AF8 /* PFSubClassing.h */,
				12829E571D3F737B000A1AF8 /* PFSubClassing.m */,
				129E04971D717CB000FE208B /* Ad.h */,
				129E04981D717CB000FE208B /* Ad.m */,
			);
			name = "Class Extensions";
			sourceTree = "<group>";
		};
		12829E6D1D3F83E7000A1AF8 /* Signup */ = {
			isa = PBXGroup;
			children = (
				12829E6E1D3F83F4000A1AF8 /* SignUp.h */,
				12829E6F1D3F83F4000A1AF8 /* SignUp.m */,
				12829E751D3F9D8F000A1AF8 /* SignUp.xib */,
			);
			name = Signup;
			sourceTree = "<group>";
		};
		12829E711D3F844A000A1AF8 /* Engine */ = {
			isa = PBXGroup;
			children = (
				12829E721D3F8BDE000A1AF8 /* ObjectIdStore.h */,
				12829E731D3F8BDE000A1AF8 /* ObjectIdStore.m */,
				120751C61D5815C1000B220A /* LocationManager.h */,
				120751C71D5815C1000B220A /* LocationManager.m */,
				120752061D5B03ED000B220A /* QueryManager.h */,
				120752071D5B03ED000B220A /* QueryManager.m */,
				120751E71D5AAF23000B220A /* WithMe.h */,
				120751E81D5AAF23000B220A /* WithMe.m */,
				120752751D667DFD000B220A /* ModalAnimator.h */,
				120752741D667DFD000B220A /* ModalAnimator.m */,
				120752771D668301000B220A /* ModalViewController.h */,
				120752781D668301000B220A /* ModalViewController.m */,
				1207527F1D669C06000B220A /* ModalTableViewController.h */,
				120752801D669C06000B220A /* ModalTableViewController.m */,
				120752821D669DAC000B220A /* ModalNavigationController.h */,
				120752831D669DAC000B220A /* ModalNavigationController.m */,
				129E048C1D71244B00FE208B /* NotifViewController.h */,
				129E048D1D71244B00FE208B /* NotifViewController.m */,
				129E048F1D71253F00FE208B /* NotifTableViewController.h */,
				129E04901D71253F00FE208B /* NotifTableViewController.m */,
			);
			name = Engine;
			sourceTree = "<group>";
		};
		12829EAB1D4093A5000A1AF8 /* Views */ = {
			isa = PBXGroup;
			children = (
				129E04D91D79670B00FE208B /* ScrollingLabel.h */,
				129E04DA1D79670B00FE208B /* ScrollingLabel.m */,
				121C81A41D51768D00B5DC9D /* RefreshControl.h */,
				121C81A51D51768D00B5DC9D /* RefreshControl.m */,
				120751C91D586DCD000B220A /* GradientView.h */,
				120751CA1D586DCD000B220A /* GradientView.m */,
				1207520E1D5B22AB000B220A /* ShadowView.h */,
				1207520F1D5B22AB000B220A /* ShadowView.m */,
				12829EAC1D4093BC000A1AF8 /* Media View */,
				121C81AF1D54507600B5DC9D /* MapView.h */,
				121C81B01D54507600B5DC9D /* MapView.m */,
				120752281D6015F6000B220A /* SlideShow.h */,
				120752291D6015F6000B220A /* SlideShow.m */,
				1207525B1D6411B5000B220A /* ParallaxView.h */,
				1207525C1D6411B5000B220A /* ParallaxView.m */,
				120752911D684DE8000B220A /* PlaceholderTextView.h */,
				120752921D684DE8000B220A /* PlaceholderTextView.m */,
				129E04871D70176800FE208B /* ShadowLabel.h */,
				129E04881D70176800FE208B /* ShadowLabel.m */,
				1207529A1D6941EE000B220A /* Pickers */,
				129E04B41D76B45A00FE208B /* MediaHeaderView.h */,
				129E04B51D76B45A00FE208B /* MediaHeaderView.m */,
				129E04D01D77E04B00FE208B /* UserMediaView.h */,
				129E04D11D77E04B00FE208B /* UserMediaView.m */,
				129E04DC1D797FDF00FE208B /* PageFormView.h */,
				129E04DD1D797FDF00FE208B /* PageFormView.m */,
			);
			name = Views;
			sourceTree = "<group>";
		};
		12829EAC1D4093BC000A1AF8 /* Media View */ = {
			isa = PBXGroup;
			children = (
				12829EAD1D4093E1000A1AF8 /* MediaView.h */,
				12829EAE1D4093E1000A1AF8 /* MediaView.m */,
			);
			name = "Media View";
			sourceTree = "<group>";
		};
		129E04B31D76B29B00FE208B /* Ads */ = {
			isa = PBXGroup;
			children = (
				129E04D31D77FC4D00FE208B /* Ads.h */,
				129E04D41D77FC4D00FE208B /* Ads.m */,
			);
			name = Ads;
			sourceTree = "<group>";
		};
		129E04B71D76BA7800FE208B /* Collections */ = {
			isa = PBXGroup;
			children = (
				129E04B81D76BA8E00FE208B /* MediaCollection.h */,
				129E04B91D76BA8E00FE208B /* MediaCollection.m */,
				129E04C51D77D94000FE208B /* AdsCollection.h */,
				129E04C61D77D94000FE208B /* AdsCollection.m */,
				129E04C81D77DA6000FE208B /* AdsCellBase.h */,
				129E04C91D77DA6000FE208B /* AdsCellBase.m */,
				129E04CB1D77DCEB00FE208B /* AdsCellBasic.xib */,
				129E04CD1D77DD0700FE208B /* AdsCellBasic.h */,
				129E04CE1D77DD0700FE208B /* AdsCellBasic.m */,
			);
			name = Collections;
			sourceTree = "<group>";
		};
		129E04BE1D76BCBF00FE208B /* UserDetail */ = {
			isa = PBXGroup;
			children = (
				129E04BF1D76BCCF00FE208B /* UserDetail.h */,
				129E04C01D76BCCF00FE208B /* UserDetail.m */,
				129E04C21D76D0D900FE208B /* EditUserDetail.h */,
				129E04C31D76D0D900FE208B /* EditUserDetail.m */,
			);
			name = UserDetail;
			sourceTree = "<group>";
		};
/* End PBXGroup section */

/* Begin PBXNativeTarget section */
		12829DF21D3F373F000A1AF8 /* WithMe */ = {
			isa = PBXNativeTarget;
			buildConfigurationList = 12829E0A1D3F373F000A1AF8 /* Build configuration list for PBXNativeTarget "WithMe" */;
			buildPhases = (
				12829DEF1D3F373F000A1AF8 /* Sources */,
				12829DF01D3F373F000A1AF8 /* Frameworks */,
				12829DF11D3F373F000A1AF8 /* Resources */,
				12829E651D3F805B000A1AF8 /* Embed Frameworks */,
				12829E6C1D3F8274000A1AF8 /* ShellScript */,
			);
			buildRules = (
			);
			dependencies = (
			);
			name = WithMe;
			productName = WithMe;
			productReference = 12829DF31D3F373F000A1AF8 /* WithMe.app */;
			productType = "com.apple.product-type.application";
		};
/* End PBXNativeTarget section */

/* Begin PBXProject section */
		12829DEB1D3F373F000A1AF8 /* Project object */ = {
			isa = PBXProject;
			attributes = {
				LastUpgradeCheck = 0730;
				ORGANIZATIONNAME = "SMARTLY CO.";
				TargetAttributes = {
					12829DF21D3F373F000A1AF8 = {
						CreatedOnToolsVersion = 7.3.1;
						DevelopmentTeam = A52TMCAM33;
						SystemCapabilities = {
							com.apple.BackgroundModes = {
								enabled = 1;
							};
							com.apple.Maps.iOS = {
								enabled = 1;
							};
							com.apple.Push = {
								enabled = 1;
							};
						};
					};
				};
			};
			buildConfigurationList = 12829DEE1D3F373F000A1AF8 /* Build configuration list for PBXProject "WithMe" */;
			compatibilityVersion = "Xcode 3.2";
			developmentRegion = English;
			hasScannedForEncodings = 0;
			knownRegions = (
				en,
				Base,
			);
			mainGroup = 12829DEA1D3F373F000A1AF8;
			productRefGroup = 12829DF41D3F373F000A1AF8 /* Products */;
			projectDirPath = "";
			projectRoot = "";
			targets = (
				12829DF21D3F373F000A1AF8 /* WithMe */,
			);
		};
/* End PBXProject section */

/* Begin PBXResourcesBuildPhase section */
		12829DF11D3F373F000A1AF8 /* Resources */ = {
			isa = PBXResourcesBuildPhase;
			buildActionMask = 2147483647;
			files = (
				12829E061D3F373F000A1AF8 /* LaunchScreen.storyboard in Resources */,
				12829E4D1D3F5F89000A1AF8 /* NSDateTimeAgo.bundle in Resources */,
				12829E7A1D3F9F60000A1AF8 /* MenuCell.xib in Resources */,
				12829E761D3F9D8F000A1AF8 /* SignUp.xib in Resources */,
				120752641D653639000B220A /* LocationManagerController.xib in Resources */,
				120752A11D69536A000B220A /* DatePicker.xib in Resources */,
				129E04CC1D77DCEB00FE208B /* AdsCellBasic.xib in Resources */,
				12829E031D3F373F000A1AF8 /* Assets.xcassets in Resources */,
				12829E781D3F9EFA000A1AF8 /* Menu.xib in Resources */,
				12829E011D3F373F000A1AF8 /* Main.storyboard in Resources */,
				1207529C1D69420D000B220A /* ActivityPicker.xib in Resources */,
			);
			runOnlyForDeploymentPostprocessing = 0;
		};
/* End PBXResourcesBuildPhase section */

/* Begin PBXShellScriptBuildPhase section */
		12829E6C1D3F8274000A1AF8 /* ShellScript */ = {
			isa = PBXShellScriptBuildPhase;
			buildActionMask = 2147483647;
			files = (
			);
			inputPaths = (
			);
			outputPaths = (
			);
			runOnlyForDeploymentPostprocessing = 0;
			shellPath = /bin/sh;
			shellScript = "bash \"${BUILT_PRODUCTS_DIR}/${FRAMEWORKS_FOLDER_PATH}/AWSCore.framework/strip-frameworks.sh\"";
		};
/* End PBXShellScriptBuildPhase section */

/* Begin PBXSourcesBuildPhase section */
		12829DEF1D3F373F000A1AF8 /* Sources */ = {
			isa = PBXSourcesBuildPhase;
			buildActionMask = 2147483647;
			files = (
				12829E581D3F737B000A1AF8 /* PFSubClassing.m in Sources */,
				12829E311D3F5A82000A1AF8 /* FloatingDrawerSpringAnimator.m in Sources */,
				120751E91D5AAF23000B220A /* WithMe.m in Sources */,
				129E04891D70176800FE208B /* ShadowLabel.m in Sources */,
				120752791D668301000B220A /* ModalViewController.m in Sources */,
				120752811D669C06000B220A /* ModalTableViewController.m in Sources */,
				12829E451D3F5F7A000A1AF8 /* UIButton+Badge.m in Sources */,
				129E048E1D71244B00FE208B /* NotifViewController.m in Sources */,
				120752931D684DE8000B220A /* PlaceholderTextView.m in Sources */,
				120752761D667DFD000B220A /* ModalAnimator.m in Sources */,
				129E04CA1D77DA6000FE208B /* AdsCellBase.m in Sources */,
				12829E801D405193000A1AF8 /* BaseFunctions.m in Sources */,
				12829E331D3F5A82000A1AF8 /* FloatingDrawerViewController.m in Sources */,
				129E04CF1D77DD0700FE208B /* AdsCellBasic.m in Sources */,
				12829DFE1D3F373F000A1AF8 /* ViewController.m in Sources */,
				12829E3E1D3F5F5A000A1AF8 /* ToggleButton.m in Sources */,
				129E04C71D77D94000FE208B /* AdsCollection.m in Sources */,
				12829E441D3F5F7A000A1AF8 /* UIBarButtonItem+Badge.m in Sources */,
				129E04C11D76BCCF00FE208B /* UserDetail.m in Sources */,
				12829E4F1D3F5F89000A1AF8 /* UIColor+LightAndDark.m in Sources */,
				12829E321D3F5A82000A1AF8 /* FloatingDrawerView.m in Sources */,
				120751CB1D586DCD000B220A /* GradientView.m in Sources */,
				12829E7D1D404995000A1AF8 /* ListField.m in Sources */,
				129E04C41D76D0D900FE208B /* EditUserDetail.m in Sources */,
				1207525D1D6411B5000B220A /* ParallaxView.m in Sources */,
				12E5368F1D4CD74D00FB8C93 /* IndentedLabel.m in Sources */,
				12829DFB1D3F373F000A1AF8 /* AppDelegate.m in Sources */,
				12829E741D3F8BDE000A1AF8 /* ObjectIdStore.m in Sources */,
				12829E5B1D3F7BEB000A1AF8 /* S3File.m in Sources */,
				129E04DE1D797FDF00FE208B /* PageFormView.m in Sources */,
				129E04B61D76B45A00FE208B /* MediaHeaderView.m in Sources */,
				12829E381D3F5ABC000A1AF8 /* MenuController.m in Sources */,
				12829EC51D459E1C000A1AF8 /* Notifications.m in Sources */,
				129E04BA1D76BA8E00FE208B /* MediaCollection.m in Sources */,
				12829E3B1D3F5B9D000A1AF8 /* Menu.m in Sources */,
				120751CE1D588495000B220A /* UIImage+ImageWithColor.m in Sources */,
				129E04D81D79457900FE208B /* CategoryPicker.m in Sources */,
				129E04991D717CB000FE208B /* Ad.m in Sources */,
				121C81A61D51768D00B5DC9D /* RefreshControl.m in Sources */,
				12829EAA1D409239000A1AF8 /* UIView+RoundCorners.m in Sources */,
				129E04D21D77E04B00FE208B /* UserMediaView.m in Sources */,
				12829DF81D3F373F000A1AF8 /* main.m in Sources */,
				129E04DB1D79670B00FE208B /* ScrollingLabel.m in Sources */,
				120752081D5B03ED000B220A /* QueryManager.m in Sources */,
				120752991D69359A000B220A /* DatePicker.m in Sources */,
				12829E4E1D3F5F89000A1AF8 /* NSDate+TimeAgo.m in Sources */,
				120752A41D6A7B76000B220A /* UIView+Parallax.m in Sources */,
				12829E501D3F5F89000A1AF8 /* UIImage+AverageColor.m in Sources */,
				120752841D669DAC000B220A /* ModalNavigationController.m in Sources */,
				129E04911D71253F00FE208B /* NotifTableViewController.m in Sources */,
				129E04D51D77FC4D00FE208B /* Ads.m in Sources */,
				1207529F1D69425F000B220A /* ActivityPicker.m in Sources */,
				120752671D653A11000B220A /* LocationManagerController.m in Sources */,
				1207522A1D6015F6000B220A /* SlideShow.m in Sources */,
				12E536921D4DA9D700FB8C93 /* IconLabel.m in Sources */,
				121C81B11D54507600B5DC9D /* MapView.m in Sources */,
				120752101D5B22AB000B220A /* ShadowView.m in Sources */,
				12829EB21D409DAC000A1AF8 /* MediaPicker.m in Sources */,
				12829EAF1D4093E1000A1AF8 /* MediaView.m in Sources */,
				120751C81D5815C1000B220A /* LocationManager.m in Sources */,
				12829EB51D419CD7000A1AF8 /* NavigationController.m in Sources */,
				12829E701D3F83F4000A1AF8 /* SignUp.m in Sources */,
			);
			runOnlyForDeploymentPostprocessing = 0;
		};
/* End PBXSourcesBuildPhase section */

/* Begin PBXVariantGroup section */
		12829DFF1D3F373F000A1AF8 /* Main.storyboard */ = {
			isa = PBXVariantGroup;
			children = (
				12829E001D3F373F000A1AF8 /* Base */,
			);
			name = Main.storyboard;
			sourceTree = "<group>";
		};
		12829E041D3F373F000A1AF8 /* LaunchScreen.storyboard */ = {
			isa = PBXVariantGroup;
			children = (
				12829E051D3F373F000A1AF8 /* Base */,
			);
			name = LaunchScreen.storyboard;
			sourceTree = "<group>";
		};
/* End PBXVariantGroup section */

/* Begin XCBuildConfiguration section */
		12829E081D3F373F000A1AF8 /* Debug */ = {
			isa = XCBuildConfiguration;
			buildSettings = {
				ALWAYS_SEARCH_USER_PATHS = NO;
				CLANG_ANALYZER_NONNULL = YES;
				CLANG_CXX_LANGUAGE_STANDARD = "gnu++0x";
				CLANG_CXX_LIBRARY = "libc++";
				CLANG_ENABLE_MODULES = YES;
				CLANG_ENABLE_OBJC_ARC = YES;
				CLANG_WARN_BOOL_CONVERSION = YES;
				CLANG_WARN_CONSTANT_CONVERSION = YES;
				CLANG_WARN_DIRECT_OBJC_ISA_USAGE = YES_ERROR;
				CLANG_WARN_EMPTY_BODY = YES;
				CLANG_WARN_ENUM_CONVERSION = YES;
				CLANG_WARN_INT_CONVERSION = YES;
				CLANG_WARN_OBJC_ROOT_CLASS = YES_ERROR;
				CLANG_WARN_UNREACHABLE_CODE = YES;
				CLANG_WARN__DUPLICATE_METHOD_MATCH = YES;
				"CODE_SIGN_IDENTITY[sdk=iphoneos*]" = "iPhone Developer";
				COPY_PHASE_STRIP = NO;
				DEBUG_INFORMATION_FORMAT = dwarf;
				ENABLE_STRICT_OBJC_MSGSEND = YES;
				ENABLE_TESTABILITY = YES;
				GCC_C_LANGUAGE_STANDARD = gnu99;
				GCC_DYNAMIC_NO_PIC = NO;
				GCC_NO_COMMON_BLOCKS = YES;
				GCC_OPTIMIZATION_LEVEL = 0;
				GCC_PREPROCESSOR_DEFINITIONS = (
					"DEBUG=1",
					"$(inherited)",
				);
				GCC_WARN_64_TO_32_BIT_CONVERSION = YES;
				GCC_WARN_ABOUT_RETURN_TYPE = YES_ERROR;
				GCC_WARN_UNDECLARED_SELECTOR = YES;
				GCC_WARN_UNINITIALIZED_AUTOS = YES_AGGRESSIVE;
				GCC_WARN_UNUSED_FUNCTION = YES;
				GCC_WARN_UNUSED_VARIABLE = YES;
				IPHONEOS_DEPLOYMENT_TARGET = 9.3;
				MTL_ENABLE_DEBUG_INFO = YES;
				ONLY_ACTIVE_ARCH = YES;
				SDKROOT = iphoneos;
			};
			name = Debug;
		};
		12829E091D3F373F000A1AF8 /* Release */ = {
			isa = XCBuildConfiguration;
			buildSettings = {
				ALWAYS_SEARCH_USER_PATHS = NO;
				CLANG_ANALYZER_NONNULL = YES;
				CLANG_CXX_LANGUAGE_STANDARD = "gnu++0x";
				CLANG_CXX_LIBRARY = "libc++";
				CLANG_ENABLE_MODULES = YES;
				CLANG_ENABLE_OBJC_ARC = YES;
				CLANG_WARN_BOOL_CONVERSION = YES;
				CLANG_WARN_CONSTANT_CONVERSION = YES;
				CLANG_WARN_DIRECT_OBJC_ISA_USAGE = YES_ERROR;
				CLANG_WARN_EMPTY_BODY = YES;
				CLANG_WARN_ENUM_CONVERSION = YES;
				CLANG_WARN_INT_CONVERSION = YES;
				CLANG_WARN_OBJC_ROOT_CLASS = YES_ERROR;
				CLANG_WARN_UNREACHABLE_CODE = YES;
				CLANG_WARN__DUPLICATE_METHOD_MATCH = YES;
				"CODE_SIGN_IDENTITY[sdk=iphoneos*]" = "iPhone Developer";
				COPY_PHASE_STRIP = NO;
				DEBUG_INFORMATION_FORMAT = "dwarf-with-dsym";
				ENABLE_NS_ASSERTIONS = NO;
				ENABLE_STRICT_OBJC_MSGSEND = YES;
				GCC_C_LANGUAGE_STANDARD = gnu99;
				GCC_NO_COMMON_BLOCKS = YES;
				GCC_WARN_64_TO_32_BIT_CONVERSION = YES;
				GCC_WARN_ABOUT_RETURN_TYPE = YES_ERROR;
				GCC_WARN_UNDECLARED_SELECTOR = YES;
				GCC_WARN_UNINITIALIZED_AUTOS = YES_AGGRESSIVE;
				GCC_WARN_UNUSED_FUNCTION = YES;
				GCC_WARN_UNUSED_VARIABLE = YES;
				IPHONEOS_DEPLOYMENT_TARGET = 9.3;
				MTL_ENABLE_DEBUG_INFO = NO;
				SDKROOT = iphoneos;
				VALIDATE_PRODUCT = YES;
			};
			name = Release;
		};
		12829E0B1D3F373F000A1AF8 /* Debug */ = {
			isa = XCBuildConfiguration;
			buildSettings = {
				ASSETCATALOG_COMPILER_APPICON_NAME = AppIcon;
				CODE_SIGN_IDENTITY = "iPhone Developer";
				"CODE_SIGN_IDENTITY[sdk=iphoneos*]" = "iPhone Developer";
				FRAMEWORK_SEARCH_PATHS = (
					"$(inherited)",
					"$(PROJECT_DIR)",
				);
				GCC_PRECOMPILE_PREFIX_HEADER = YES;
				GCC_PREFIX_HEADER = WithMe/WithMe.pch;
				INFOPLIST_FILE = WithMe/Info.plist;
				LD_RUNPATH_SEARCH_PATHS = "$(inherited) @executable_path/Frameworks";
				New_Setting = "";
				PRODUCT_BUNDLE_IDENTIFIER = kr.smartly.WithMe;
				PRODUCT_NAME = "$(TARGET_NAME)";
				PROVISIONING_PROFILE = "";
			};
			name = Debug;
		};
		12829E0C1D3F373F000A1AF8 /* Release */ = {
			isa = XCBuildConfiguration;
			buildSettings = {
				ASSETCATALOG_COMPILER_APPICON_NAME = AppIcon;
				CODE_SIGN_IDENTITY = "iPhone Developer";
				"CODE_SIGN_IDENTITY[sdk=iphoneos*]" = "iPhone Developer";
				FRAMEWORK_SEARCH_PATHS = (
					"$(inherited)",
					"$(PROJECT_DIR)",
				);
				GCC_PRECOMPILE_PREFIX_HEADER = YES;
				GCC_PREFIX_HEADER = WithMe/WithMe.pch;
				INFOPLIST_FILE = WithMe/Info.plist;
				LD_RUNPATH_SEARCH_PATHS = "$(inherited) @executable_path/Frameworks";
				New_Setting = "";
				PRODUCT_BUNDLE_IDENTIFIER = kr.smartly.WithMe;
				PRODUCT_NAME = "$(TARGET_NAME)";
				PROVISIONING_PROFILE = "";
			};
			name = Release;
		};
/* End XCBuildConfiguration section */

/* Begin XCConfigurationList section */
		12829DEE1D3F373F000A1AF8 /* Build configuration list for PBXProject "WithMe" */ = {
			isa = XCConfigurationList;
			buildConfigurations = (
				12829E081D3F373F000A1AF8 /* Debug */,
				12829E091D3F373F000A1AF8 /* Release */,
			);
			defaultConfigurationIsVisible = 0;
			defaultConfigurationName = Release;
		};
		12829E0A1D3F373F000A1AF8 /* Build configuration list for PBXNativeTarget "WithMe" */ = {
			isa = XCConfigurationList;
			buildConfigurations = (
				12829E0B1D3F373F000A1AF8 /* Debug */,
				12829E0C1D3F373F000A1AF8 /* Release */,
			);
			defaultConfigurationIsVisible = 0;
			defaultConfigurationName = Release;
		};
/* End XCConfigurationList section */
	};
	rootObject = 12829DEB1D3F373F000A1AF8 /* Project object */;
}
